
Microsoft Visual Studio Solution File, Format Version 12.00
# Visual Studio Version 17
VisualStudioVersion = 17.10.35122.118
MinimumVisualStudioVersion = 10.0.40219.1
Project("{9A19103F-16F7-4668-BE54-9A1E7A4F7556}") = "DevOpsDaysDemo", "DevOpsDaysDemo.csproj", "{9523496D-5046-4C3B-B8D1-F9B9E8DCF465}"
EndProject
Global
	GlobalSection(SolutionConfigurationPlatforms) = preSolution
		Debug|Any CPU = Debug|Any CPU
		Release|Any CPU = Release|Any CPU
	EndGlobalSection
	GlobalSection(ProjectConfigurationPlatforms) = postSolution
		{9523496D-5046-4C3B-B8D1-F9B9E8DCF465}.Debug|Any CPU.ActiveCfg = Debug|Any CPU
		{9523496D-5046-4C3B-B8D1-F9B9E8DCF465}.Debug|Any CPU.Build.0 = Debug|Any CPU
		{9523496D-5046-4C3B-B8D1-F9B9E8DCF465}.Release|Any CPU.ActiveCfg = Release|Any CPU
		{9523496D-5046-4C3B-B8D1-F9B9E8DCF465}.Release|Any CPU.Build.0 = Release|Any CPU
	EndGlobalSection
	GlobalSection(SolutionProperties) = preSolution
		HideSolutionNode = FALSE
	EndGlobalSection
	GlobalSection(ExtensibilityGlobals) = postSolution
		SolutionGuid = {F56663FB-94DA-4799-8474-02E7ABDF8A5E}
	EndGlobalSection
EndGlobal
